
Microsoft Visual Studio Solution File, Format Version 12.00
Project("{FAE04EC0-301F-11D3-BF4B-00C04F79EFBC}") = "1. Two Sum", "1. Two Sum\1. Two Sum.csproj", "{918BEFD6-B7C0-4694-8545-BA24D7EFD266}"
EndProject
Global
	GlobalSection(SolutionConfigurationPlatforms) = preSolution
		Debug|Any CPU = Debug|Any CPU
		Release|Any CPU = Release|Any CPU
	EndGlobalSection
	GlobalSection(ProjectConfigurationPlatforms) = postSolution
		{918BEFD6-B7C0-4694-8545-BA24D7EFD266}.Debug|Any CPU.ActiveCfg = Debug|Any CPU
		{918BEFD6-B7C0-4694-8545-BA24D7EFD266}.Debug|Any CPU.Build.0 = Debug|Any CPU
		{918BEFD6-B7C0-4694-8545-BA24D7EFD266}.Release|Any CPU.ActiveCfg = Release|Any CPU
		{918BEFD6-B7C0-4694-8545-BA24D7EFD266}.Release|Any CPU.Build.0 = Release|Any CPU
	EndGlobalSection
EndGlobal
